// !$*UTF8*$!
{
	archiveVersion = 1;
	classes = {
	};
	objectVersion = 45;
	objects = {

/* Begin PBXBuildFile section */
		2D24996D091560A200FEDFD8 /* Sio2OSX Help in Resources */ = {isa = PBXBuildFile; fileRef = 2D24994E091560A200FEDFD8 /* Sio2OSX Help */; };
		2D2720E30901A7A900DB4B91 /* FastForwardOff.png in Resources */ = {isa = PBXBuildFile; fileRef = 2D2720DB0901A7A900DB4B91 /* FastForwardOff.png */; };
		2D2720E40901A7A900DB4B91 /* FastForwardOn.png in Resources */ = {isa = PBXBuildFile; fileRef = 2D2720DC0901A7A900DB4B91 /* FastForwardOn.png */; };
		2D2720E50901A7A900DB4B91 /* PlayOff.png in Resources */ = {isa = PBXBuildFile; fileRef = 2D2720DD0901A7A900DB4B91 /* PlayOff.png */; };
		2D2720E60901A7A900DB4B91 /* PlayOn.png in Resources */ = {isa = PBXBuildFile; fileRef = 2D2720DE0901A7A900DB4B91 /* PlayOn.png */; };
		2D2720E70901A7A900DB4B91 /* RewindOff.png in Resources */ = {isa = PBXBuildFile; fileRef = 2D2720DF0901A7A900DB4B91 /* RewindOff.png */; };
		2D2720E80901A7A900DB4B91 /* RewindOn.png in Resources */ = {isa = PBXBuildFile; fileRef = 2D2720E00901A7A900DB4B91 /* RewindOn.png */; };
		2D2720E90901A7A900DB4B91 /* ToStartOff.png in Resources */ = {isa = PBXBuildFile; fileRef = 2D2720E10901A7A900DB4B91 /* ToStartOff.png */; };
		2D2720EA0901A7A900DB4B91 /* ToStartOn.png in Resources */ = {isa = PBXBuildFile; fileRef = 2D2720E20901A7A900DB4B91 /* ToStartOn.png */; };
		2D5B2ABA08F4C3DA00D1625E /* AboutBox.m in Sources */ = {isa = PBXBuildFile; fileRef = 2D5B2AB908F4C3DA00D1625E /* AboutBox.m */; };
		2D5B2ABE08F4C3F100D1625E /* Credits.html in Resources */ = {isa = PBXBuildFile; fileRef = 2D5B2ABC08F4C3F100D1625E /* Credits.html */; };
		2D5D5695247C4C9800F6FEEF /* AboutBox.xib in Resources */ = {isa = PBXBuildFile; fileRef = 2D5D5692247C4C9800F6FEEF /* AboutBox.xib */; };
		2D5D5696247C4C9800F6FEEF /* MediaManager.xib in Resources */ = {isa = PBXBuildFile; fileRef = 2D5D5693247C4C9800F6FEEF /* MediaManager.xib */; };
		2D5D5697247C4C9800F6FEEF /* Preferences.xib in Resources */ = {isa = PBXBuildFile; fileRef = 2D5D5694247C4C9800F6FEEF /* Preferences.xib */; };
		2D5D569A247C4CC200F6FEEF /* SioMain.xib in Resources */ = {isa = PBXBuildFile; fileRef = 2D5D5698247C4CC200F6FEEF /* SioMain.xib */; };
		2D5D56A0247C586B00F6FEEF /* atari810closed.png in Resources */ = {isa = PBXBuildFile; fileRef = 2D5D569B247C586A00F6FEEF /* atari810closed.png */; };
		2D5D56A1247C586B00F6FEEF /* atari810emtpy.png in Resources */ = {isa = PBXBuildFile; fileRef = 2D5D569C247C586A00F6FEEF /* atari810emtpy.png */; };
		2D5D56A2247C586B00F6FEEF /* atari810off.png in Resources */ = {isa = PBXBuildFile; fileRef = 2D5D569D247C586A00F6FEEF /* atari810off.png */; };
		2D5D56A3247C586B00F6FEEF /* atari810read.png in Resources */ = {isa = PBXBuildFile; fileRef = 2D5D569E247C586A00F6FEEF /* atari810read.png */; };
		2D5D56A4247C586B00F6FEEF /* atari810write.png in Resources */ = {isa = PBXBuildFile; fileRef = 2D5D569F247C586A00F6FEEF /* atari810write.png */; };
		2D5D56A7247C598D00F6FEEF /* atari825.png in Resources */ = {isa = PBXBuildFile; fileRef = 2D5D56A5247C598D00F6FEEF /* atari825.png */; };
		2D5D56A8247C598D00F6FEEF /* atari1020.png in Resources */ = {isa = PBXBuildFile; fileRef = 2D5D56A6247C598D00F6FEEF /* atari1020.png */; };
		2D5D56AB247C59EB00F6FEEF /* epson.png in Resources */ = {isa = PBXBuildFile; fileRef = 2D5D56A9247C59EB00F6FEEF /* epson.png */; };
		2D5D56AC247C59EB00F6FEEF /* diskette.png in Resources */ = {isa = PBXBuildFile; fileRef = 2D5D56AA247C59EB00F6FEEF /* diskette.png */; };
		2D5D56AF247C5A4200F6FEEF /* text_dark.png in Resources */ = {isa = PBXBuildFile; fileRef = 2D5D56AD247C5A4100F6FEEF /* text_dark.png */; };
		2D5D56B0247C5A4200F6FEEF /* text.png in Resources */ = {isa = PBXBuildFile; fileRef = 2D5D56AE247C5A4200F6FEEF /* text.png */; };
		2D5D56B3247C5D0600F6FEEF /* 850off.png in Resources */ = {isa = PBXBuildFile; fileRef = 2D5D56B1247C5D0600F6FEEF /* 850off.png */; };
		2D5D56B4247C5D0600F6FEEF /* 850on.png in Resources */ = {isa = PBXBuildFile; fileRef = 2D5D56B2247C5D0600F6FEEF /* 850on.png */; };
		2D5D56B6247C783700F6FEEF /* lock.png in Resources */ = {isa = PBXBuildFile; fileRef = 2D5D56B5247C783700F6FEEF /* lock.png */; };
		2D5D56B8247C7B9E00F6FEEF /* Media.xcassets in Resources */ = {isa = PBXBuildFile; fileRef = 2D5D56B7247C7B9D00F6FEEF /* Media.xcassets */; };
		2D5D56BA247C9A0D00F6FEEF /* cassetteoff.png in Resources */ = {isa = PBXBuildFile; fileRef = 2D5D56B9247C9A0D00F6FEEF /* cassetteoff.png */; };
		2D6DCEEF08FCCDFC00FDD389 /* Sio2OSX.icns in Resources */ = {isa = PBXBuildFile; fileRef = 2D6DCEEE08FCCDFC00FDD389 /* Sio2OSX.icns */; };
		2DB776B8247C330700646F3F /* PrintOutputConfirm.xib in Resources */ = {isa = PBXBuildFile; fileRef = 2DB776B6247C330700646F3F /* PrintOutputConfirm.xib */; };
		2DB776B9247C330700646F3F /* PrintOutput.xib in Resources */ = {isa = PBXBuildFile; fileRef = 2DB776B7247C330700646F3F /* PrintOutput.xib */; };
		2DD755AA09131C56002466D0 /* CassInfoUpdate.m in Sources */ = {isa = PBXBuildFile; fileRef = 2DD755A909131C56002466D0 /* CassInfoUpdate.m */; };
		2DD755BA09131D4E002466D0 /* CassStatusUpdate.m in Sources */ = {isa = PBXBuildFile; fileRef = 2DD755B909131D4E002466D0 /* CassStatusUpdate.m */; };
		2DDA45FE0912749400167297 /* LedUpdate.m in Sources */ = {isa = PBXBuildFile; fileRef = 2DDA45FD0912749400167297 /* LedUpdate.m */; };
		2DE934CD08F3728000027E7F /* Atari800DriveTextField.m in Sources */ = {isa = PBXBuildFile; fileRef = 2DE934AC08F3728000027E7F /* Atari800DriveTextField.m */; };
		2DE934CE08F3728000027E7F /* Atari800ImageView.m in Sources */ = {isa = PBXBuildFile; fileRef = 2DE934AE08F3728000027E7F /* Atari800ImageView.m */; };
		2DE934CF08F3728000027E7F /* Atari800MediaWindow.m in Sources */ = {isa = PBXBuildFile; fileRef = 2DE934B008F3728000027E7F /* Atari800MediaWindow.m */; };
		2DE934D008F3728000027E7F /* Atari825Simulator.m in Sources */ = {isa = PBXBuildFile; fileRef = 2DE934B208F3728000027E7F /* Atari825Simulator.m */; };
		2DE934D108F3728000027E7F /* Atari1020Simulator.m in Sources */ = {isa = PBXBuildFile; fileRef = 2DE934B408F3728000027E7F /* Atari1020Simulator.m */; };
		2DE934D208F3728000027E7F /* EpsonFX80Simulator.m in Sources */ = {isa = PBXBuildFile; fileRef = 2DE934B608F3728000027E7F /* EpsonFX80Simulator.m */; };
		2DE934D308F3728000027E7F /* MediaManager.m in Sources */ = {isa = PBXBuildFile; fileRef = 2DE934B808F3728000027E7F /* MediaManager.m */; };
		2DE934D408F3728000027E7F /* Preferences.m in Sources */ = {isa = PBXBuildFile; fileRef = 2DE934BA08F3728000027E7F /* Preferences.m */; };
		2DE934D508F3728000027E7F /* PrintableGraphics.m in Sources */ = {isa = PBXBuildFile; fileRef = 2DE934BC08F3728000027E7F /* PrintableGraphics.m */; };
		2DE934D608F3728000027E7F /* PrintablePath.m in Sources */ = {isa = PBXBuildFile; fileRef = 2DE934BE08F3728000027E7F /* PrintablePath.m */; };
		2DE934D708F3728000027E7F /* PrintableString.m in Sources */ = {isa = PBXBuildFile; fileRef = 2DE934C008F3728000027E7F /* PrintableString.m */; };
		2DE934D808F3728000027E7F /* PrinterSimulator.m in Sources */ = {isa = PBXBuildFile; fileRef = 2DE934C308F3728000027E7F /* PrinterSimulator.m */; };
		2DE934D908F3728000027E7F /* PrinterView.m in Sources */ = {isa = PBXBuildFile; fileRef = 2DE934C508F3728000027E7F /* PrinterView.m */; };
		2DE934DA08F3728000027E7F /* PrintOutputController.m in Sources */ = {isa = PBXBuildFile; fileRef = 2DE934C708F3728000027E7F /* PrintOutputController.m */; };
		2DE934DB08F3728000027E7F /* SioMain.m in Sources */ = {isa = PBXBuildFile; fileRef = 2DE934CA08F3728000027E7F /* SioMain.m */; };
		2DE934DC08F3728000027E7F /* SioController.m in Sources */ = {isa = PBXBuildFile; fileRef = 2DE934CC08F3728000027E7F /* SioController.m */; };
		2DE934FF08F372F600027E7F /* Fuji.icns in Resources */ = {isa = PBXBuildFile; fileRef = 2DE934ED08F372F600027E7F /* Fuji.icns */; };
		2DE9350A08F3731300027E7F /* IOKit.framework in Frameworks */ = {isa = PBXBuildFile; fileRef = 2DE9350908F3731300027E7F /* IOKit.framework */; };
		2DEB621108F7484700B82E6E /* FujiCable.icns in Resources */ = {isa = PBXBuildFile; fileRef = 2DEB621008F7484700B82E6E /* FujiCable.icns */; };
		2DF96661091C5536002D9829 /* ACGBigNum.h in CopyFiles */ = {isa = PBXBuildFile; fileRef = 2DF9665F091C5536002D9829 /* ACGBigNum.h */; };
		2DF96662091C5536002D9829 /* ACGBigNum.m in Sources */ = {isa = PBXBuildFile; fileRef = 2DF96660091C5536002D9829 /* ACGBigNum.m */; };
		8D11072B0486CEB800E47090 /* InfoPlist.strings in Resources */ = {isa = PBXBuildFile; fileRef = 089C165CFE840E0CC02AAC07 /* InfoPlist.strings */; };
		8D11072F0486CEB800E47090 /* Cocoa.framework in Frameworks */ = {isa = PBXBuildFile; fileRef = 1058C7A1FEA54F0111CA2CBB /* Cocoa.framework */; };
/* End PBXBuildFile section */

/* Begin PBXBuildRule section */
		2DE4B4650920461700F34FFB /* PBXBuildRule */ = {
			isa = PBXBuildRule;
			compilerSpec = com.apple.compilers.gcc.3_3;
			fileType = sourcecode.c;
			inputFiles = (
			);
			isEditable = 1;
			outputFiles = (
			);
		};
/* End PBXBuildRule section */

/* Begin PBXCopyFilesBuildPhase section */
		2D6471B30914753B003A6216 /* CopyFiles */ = {
			isa = PBXCopyFilesBuildPhase;
			buildActionMask = 2147483647;
			dstPath = "";
			dstSubfolderSpec = 10;
			files = (
				2DF96661091C5536002D9829 /* ACGBigNum.h in CopyFiles */,
			);
			runOnlyForDeploymentPostprocessing = 0;
		};
/* End PBXCopyFilesBuildPhase section */

/* Begin PBXFileReference section */
		1058C7A1FEA54F0111CA2CBB /* Cocoa.framework */ = {isa = PBXFileReference; lastKnownFileType = wrapper.framework; name = Cocoa.framework; path = /System/Library/Frameworks/Cocoa.framework; sourceTree = "<absolute>"; };
		13E42FB307B3F0F600E4EEF1 /* CoreData.framework */ = {isa = PBXFileReference; lastKnownFileType = wrapper.framework; name = CoreData.framework; path = /System/Library/Frameworks/CoreData.framework; sourceTree = "<absolute>"; };
		29B97324FDCFA39411CA2CEA /* AppKit.framework */ = {isa = PBXFileReference; lastKnownFileType = wrapper.framework; name = AppKit.framework; path = /System/Library/Frameworks/AppKit.framework; sourceTree = "<absolute>"; };
		29B97325FDCFA39411CA2CEA /* Foundation.framework */ = {isa = PBXFileReference; lastKnownFileType = wrapper.framework; name = Foundation.framework; path = /System/Library/Frameworks/Foundation.framework; sourceTree = "<absolute>"; };
		2D24994E091560A200FEDFD8 /* Sio2OSX Help */ = {isa = PBXFileReference; lastKnownFileType = folder; path = "Sio2OSX Help"; sourceTree = SOURCE_ROOT; };
		2D2720DB0901A7A900DB4B91 /* FastForwardOff.png */ = {isa = PBXFileReference; lastKnownFileType = image.png; path = FastForwardOff.png; sourceTree = SOURCE_ROOT; };
		2D2720DC0901A7A900DB4B91 /* FastForwardOn.png */ = {isa = PBXFileReference; lastKnownFileType = image.png; path = FastForwardOn.png; sourceTree = SOURCE_ROOT; };
		2D2720DD0901A7A900DB4B91 /* PlayOff.png */ = {isa = PBXFileReference; lastKnownFileType = image.png; path = PlayOff.png; sourceTree = SOURCE_ROOT; };
		2D2720DE0901A7A900DB4B91 /* PlayOn.png */ = {isa = PBXFileReference; lastKnownFileType = image.png; path = PlayOn.png; sourceTree = SOURCE_ROOT; };
		2D2720DF0901A7A900DB4B91 /* RewindOff.png */ = {isa = PBXFileReference; lastKnownFileType = image.png; path = RewindOff.png; sourceTree = SOURCE_ROOT; };
		2D2720E00901A7A900DB4B91 /* RewindOn.png */ = {isa = PBXFileReference; lastKnownFileType = image.png; path = RewindOn.png; sourceTree = SOURCE_ROOT; };
		2D2720E10901A7A900DB4B91 /* ToStartOff.png */ = {isa = PBXFileReference; lastKnownFileType = image.png; path = ToStartOff.png; sourceTree = SOURCE_ROOT; };
		2D2720E20901A7A900DB4B91 /* ToStartOn.png */ = {isa = PBXFileReference; lastKnownFileType = image.png; path = ToStartOn.png; sourceTree = SOURCE_ROOT; };
		2D5B2AB808F4C3DA00D1625E /* AboutBox.h */ = {isa = PBXFileReference; fileEncoding = 30; lastKnownFileType = sourcecode.c.h; path = AboutBox.h; sourceTree = SOURCE_ROOT; };
		2D5B2AB908F4C3DA00D1625E /* AboutBox.m */ = {isa = PBXFileReference; fileEncoding = 30; lastKnownFileType = sourcecode.c.objc; path = AboutBox.m; sourceTree = SOURCE_ROOT; };
		2D5B2ABC08F4C3F100D1625E /* Credits.html */ = {isa = PBXFileReference; fileEncoding = 30; lastKnownFileType = text.html; path = Credits.html; sourceTree = SOURCE_ROOT; };
		2D5D5692247C4C9800F6FEEF /* AboutBox.xib */ = {isa = PBXFileReference; fileEncoding = 4; lastKnownFileType = file.xib; path = AboutBox.xib; sourceTree = "<group>"; };
		2D5D5693247C4C9800F6FEEF /* MediaManager.xib */ = {isa = PBXFileReference; fileEncoding = 4; lastKnownFileType = file.xib; path = MediaManager.xib; sourceTree = "<group>"; };
		2D5D5694247C4C9800F6FEEF /* Preferences.xib */ = {isa = PBXFileReference; fileEncoding = 4; lastKnownFileType = file.xib; path = Preferences.xib; sourceTree = "<group>"; };
		2D5D5699247C4CC200F6FEEF /* Base */ = {isa = PBXFileReference; lastKnownFileType = file.xib; name = Base; path = Base.lproj/SioMain.xib; sourceTree = "<group>"; };
		2D5D569B247C586A00F6FEEF /* atari810closed.png */ = {isa = PBXFileReference; lastKnownFileType = image.png; path = atari810closed.png; sourceTree = "<group>"; };
		2D5D569C247C586A00F6FEEF /* atari810emtpy.png */ = {isa = PBXFileReference; lastKnownFileType = image.png; path = atari810emtpy.png; sourceTree = "<group>"; };
		2D5D569D247C586A00F6FEEF /* atari810off.png */ = {isa = PBXFileReference; lastKnownFileType = image.png; path = atari810off.png; sourceTree = "<group>"; };
		2D5D569E247C586A00F6FEEF /* atari810read.png */ = {isa = PBXFileReference; lastKnownFileType = image.png; path = atari810read.png; sourceTree = "<group>"; };
		2D5D569F247C586A00F6FEEF /* atari810write.png */ = {isa = PBXFileReference; lastKnownFileType = image.png; path = atari810write.png; sourceTree = "<group>"; };
		2D5D56A5247C598D00F6FEEF /* atari825.png */ = {isa = PBXFileReference; lastKnownFileType = image.png; path = atari825.png; sourceTree = "<group>"; };
		2D5D56A6247C598D00F6FEEF /* atari1020.png */ = {isa = PBXFileReference; lastKnownFileType = image.png; path = atari1020.png; sourceTree = "<group>"; };
		2D5D56A9247C59EB00F6FEEF /* epson.png */ = {isa = PBXFileReference; lastKnownFileType = image.png; path = epson.png; sourceTree = "<group>"; };
		2D5D56AA247C59EB00F6FEEF /* diskette.png */ = {isa = PBXFileReference; lastKnownFileType = image.png; path = diskette.png; sourceTree = "<group>"; };
		2D5D56AD247C5A4100F6FEEF /* text_dark.png */ = {isa = PBXFileReference; lastKnownFileType = image.png; path = text_dark.png; sourceTree = "<group>"; };
		2D5D56AE247C5A4200F6FEEF /* text.png */ = {isa = PBXFileReference; lastKnownFileType = image.png; path = text.png; sourceTree = "<group>"; };
		2D5D56B1247C5D0600F6FEEF /* 850off.png */ = {isa = PBXFileReference; lastKnownFileType = image.png; path = 850off.png; sourceTree = "<group>"; };
		2D5D56B2247C5D0600F6FEEF /* 850on.png */ = {isa = PBXFileReference; lastKnownFileType = image.png; path = 850on.png; sourceTree = "<group>"; };
		2D5D56B5247C783700F6FEEF /* lock.png */ = {isa = PBXFileReference; lastKnownFileType = image.png; path = lock.png; sourceTree = "<group>"; };
		2D5D56B7247C7B9D00F6FEEF /* Media.xcassets */ = {isa = PBXFileReference; lastKnownFileType = folder.assetcatalog; path = Media.xcassets; sourceTree = "<group>"; };
		2D5D56B9247C9A0D00F6FEEF /* cassetteoff.png */ = {isa = PBXFileReference; lastKnownFileType = image.png; path = cassetteoff.png; sourceTree = "<group>"; };
		2D6DCEEE08FCCDFC00FDD389 /* Sio2OSX.icns */ = {isa = PBXFileReference; lastKnownFileType = image.icns; path = Sio2OSX.icns; sourceTree = "<group>"; };
		2DB776B3247B720400646F3F /* en */ = {isa = PBXFileReference; lastKnownFileType = text.plist.strings; name = en; path = en.lproj/InfoPlist.strings; sourceTree = "<group>"; };
		2DB776B6247C330700646F3F /* PrintOutputConfirm.xib */ = {isa = PBXFileReference; fileEncoding = 4; lastKnownFileType = file.xib; name = PrintOutputConfirm.xib; path = ../../../../Volumes/markg/Sio2OSX/Sio2OSX/PrintOutputConfirm.xib; sourceTree = "<group>"; };
		2DB776B7247C330700646F3F /* PrintOutput.xib */ = {isa = PBXFileReference; fileEncoding = 4; lastKnownFileType = file.xib; name = PrintOutput.xib; path = ../../../../Volumes/markg/Sio2OSX/Sio2OSX/PrintOutput.xib; sourceTree = "<group>"; };
		2DD755A809131C56002466D0 /* CassInfoUpdate.h */ = {isa = PBXFileReference; fileEncoding = 30; lastKnownFileType = sourcecode.c.h; path = CassInfoUpdate.h; sourceTree = SOURCE_ROOT; };
		2DD755A909131C56002466D0 /* CassInfoUpdate.m */ = {isa = PBXFileReference; fileEncoding = 30; lastKnownFileType = sourcecode.c.objc; path = CassInfoUpdate.m; sourceTree = SOURCE_ROOT; };
		2DD755B809131D4E002466D0 /* CassStatusUpdate.h */ = {isa = PBXFileReference; fileEncoding = 30; lastKnownFileType = sourcecode.c.h; path = CassStatusUpdate.h; sourceTree = "<group>"; };
		2DD755B909131D4E002466D0 /* CassStatusUpdate.m */ = {isa = PBXFileReference; fileEncoding = 30; lastKnownFileType = sourcecode.c.objc; path = CassStatusUpdate.m; sourceTree = SOURCE_ROOT; };
		2DDA45FC0912749400167297 /* LedUpdate.h */ = {isa = PBXFileReference; fileEncoding = 4; lastKnownFileType = sourcecode.c.h; path = LedUpdate.h; sourceTree = "<group>"; };
		2DDA45FD0912749400167297 /* LedUpdate.m */ = {isa = PBXFileReference; fileEncoding = 4; lastKnownFileType = sourcecode.c.objc; path = LedUpdate.m; sourceTree = "<group>"; };
		2DE6BF4009C3E63A005748C2 /* Sio2OSX.xcconfig */ = {isa = PBXFileReference; fileEncoding = 30; lastKnownFileType = text.xcconfig; path = Sio2OSX.xcconfig; sourceTree = SOURCE_ROOT; };
		2DE934AB08F3728000027E7F /* Atari800DriveTextField.h */ = {isa = PBXFileReference; fileEncoding = 30; lastKnownFileType = sourcecode.c.h; path = Atari800DriveTextField.h; sourceTree = SOURCE_ROOT; };
		2DE934AC08F3728000027E7F /* Atari800DriveTextField.m */ = {isa = PBXFileReference; fileEncoding = 30; lastKnownFileType = sourcecode.c.objc; path = Atari800DriveTextField.m; sourceTree = SOURCE_ROOT; };
		2DE934AD08F3728000027E7F /* Atari800ImageView.h */ = {isa = PBXFileReference; fileEncoding = 30; lastKnownFileType = sourcecode.c.h; path = Atari800ImageView.h; sourceTree = SOURCE_ROOT; };
		2DE934AE08F3728000027E7F /* Atari800ImageView.m */ = {isa = PBXFileReference; fileEncoding = 30; lastKnownFileType = sourcecode.c.objc; path = Atari800ImageView.m; sourceTree = SOURCE_ROOT; };
		2DE934AF08F3728000027E7F /* Atari800MediaWindow.h */ = {isa = PBXFileReference; fileEncoding = 30; lastKnownFileType = sourcecode.c.h; path = Atari800MediaWindow.h; sourceTree = SOURCE_ROOT; };
		2DE934B008F3728000027E7F /* Atari800MediaWindow.m */ = {isa = PBXFileReference; fileEncoding = 30; lastKnownFileType = sourcecode.c.objc; path = Atari800MediaWindow.m; sourceTree = SOURCE_ROOT; };
		2DE934B108F3728000027E7F /* Atari825Simulator.h */ = {isa = PBXFileReference; fileEncoding = 30; lastKnownFileType = sourcecode.c.h; path = Atari825Simulator.h; sourceTree = SOURCE_ROOT; };
		2DE934B208F3728000027E7F /* Atari825Simulator.m */ = {isa = PBXFileReference; fileEncoding = 30; lastKnownFileType = sourcecode.c.objc; path = Atari825Simulator.m; sourceTree = SOURCE_ROOT; };
		2DE934B308F3728000027E7F /* Atari1020Simulator.h */ = {isa = PBXFileReference; fileEncoding = 30; lastKnownFileType = sourcecode.c.h; path = Atari1020Simulator.h; sourceTree = SOURCE_ROOT; };
		2DE934B408F3728000027E7F /* Atari1020Simulator.m */ = {isa = PBXFileReference; fileEncoding = 30; lastKnownFileType = sourcecode.c.objc; path = Atari1020Simulator.m; sourceTree = SOURCE_ROOT; };
		2DE934B508F3728000027E7F /* EpsonFX80Simulator.h */ = {isa = PBXFileReference; fileEncoding = 30; lastKnownFileType = sourcecode.c.h; path = EpsonFX80Simulator.h; sourceTree = SOURCE_ROOT; };
		2DE934B608F3728000027E7F /* EpsonFX80Simulator.m */ = {isa = PBXFileReference; fileEncoding = 30; lastKnownFileType = sourcecode.c.objc; path = EpsonFX80Simulator.m; sourceTree = SOURCE_ROOT; };
		2DE934B708F3728000027E7F /* MediaManager.h */ = {isa = PBXFileReference; fileEncoding = 30; lastKnownFileType = sourcecode.c.h; path = MediaManager.h; sourceTree = SOURCE_ROOT; };
		2DE934B808F3728000027E7F /* MediaManager.m */ = {isa = PBXFileReference; fileEncoding = 30; lastKnownFileType = sourcecode.c.objc; path = MediaManager.m; sourceTree = SOURCE_ROOT; };
		2DE934B908F3728000027E7F /* Preferences.h */ = {isa = PBXFileReference; fileEncoding = 30; lastKnownFileType = sourcecode.c.h; path = Preferences.h; sourceTree = SOURCE_ROOT; };
		2DE934BA08F3728000027E7F /* Preferences.m */ = {isa = PBXFileReference; fileEncoding = 30; lastKnownFileType = sourcecode.c.objc; path = Preferences.m; sourceTree = SOURCE_ROOT; };
		2DE934BB08F3728000027E7F /* PrintableGraphics.h */ = {isa = PBXFileReference; fileEncoding = 30; lastKnownFileType = sourcecode.c.h; path = PrintableGraphics.h; sourceTree = SOURCE_ROOT; };
		2DE934BC08F3728000027E7F /* PrintableGraphics.m */ = {isa = PBXFileReference; fileEncoding = 30; lastKnownFileType = sourcecode.c.objc; path = PrintableGraphics.m; sourceTree = SOURCE_ROOT; };
		2DE934BD08F3728000027E7F /* PrintablePath.h */ = {isa = PBXFileReference; fileEncoding = 30; lastKnownFileType = sourcecode.c.h; path = PrintablePath.h; sourceTree = SOURCE_ROOT; };
		2DE934BE08F3728000027E7F /* PrintablePath.m */ = {isa = PBXFileReference; fileEncoding = 30; lastKnownFileType = sourcecode.c.objc; path = PrintablePath.m; sourceTree = SOURCE_ROOT; };
		2DE934BF08F3728000027E7F /* PrintableString.h */ = {isa = PBXFileReference; fileEncoding = 30; lastKnownFileType = sourcecode.c.h; path = PrintableString.h; sourceTree = SOURCE_ROOT; };
		2DE934C008F3728000027E7F /* PrintableString.m */ = {isa = PBXFileReference; fileEncoding = 30; lastKnownFileType = sourcecode.c.objc; path = PrintableString.m; sourceTree = SOURCE_ROOT; };
		2DE934C108F3728000027E7F /* PrinterProtocol.h */ = {isa = PBXFileReference; fileEncoding = 30; lastKnownFileType = sourcecode.c.h; path = PrinterProtocol.h; sourceTree = SOURCE_ROOT; };
		2DE934C208F3728000027E7F /* PrinterSimulator.h */ = {isa = PBXFileReference; fileEncoding = 30; lastKnownFileType = sourcecode.c.h; path = PrinterSimulator.h; sourceTree = SOURCE_ROOT; };
		2DE934C308F3728000027E7F /* PrinterSimulator.m */ = {isa = PBXFileReference; fileEncoding = 30; lastKnownFileType = sourcecode.c.objc; path = PrinterSimulator.m; sourceTree = SOURCE_ROOT; };
		2DE934C408F3728000027E7F /* PrinterView.h */ = {isa = PBXFileReference; fileEncoding = 30; lastKnownFileType = sourcecode.c.h; path = PrinterView.h; sourceTree = SOURCE_ROOT; };
		2DE934C508F3728000027E7F /* PrinterView.m */ = {isa = PBXFileReference; fileEncoding = 30; lastKnownFileType = sourcecode.c.objc; path = PrinterView.m; sourceTree = SOURCE_ROOT; };
		2DE934C608F3728000027E7F /* PrintOutputController.h */ = {isa = PBXFileReference; fileEncoding = 30; lastKnownFileType = sourcecode.c.h; path = PrintOutputController.h; sourceTree = SOURCE_ROOT; };
		2DE934C708F3728000027E7F /* PrintOutputController.m */ = {isa = PBXFileReference; fileEncoding = 30; lastKnownFileType = sourcecode.c.objc; path = PrintOutputController.m; sourceTree = SOURCE_ROOT; };
		2DE934C808F3728000027E7F /* PrintProtocol.h */ = {isa = PBXFileReference; fileEncoding = 30; lastKnownFileType = sourcecode.c.h; path = PrintProtocol.h; sourceTree = SOURCE_ROOT; };
		2DE934C908F3728000027E7F /* SioMain.h */ = {isa = PBXFileReference; fileEncoding = 30; lastKnownFileType = sourcecode.c.h; path = SioMain.h; sourceTree = "<group>"; };
		2DE934CA08F3728000027E7F /* SioMain.m */ = {isa = PBXFileReference; fileEncoding = 30; lastKnownFileType = sourcecode.c.objc; path = SioMain.m; sourceTree = "<group>"; };
		2DE934CB08F3728000027E7F /* SioController.h */ = {isa = PBXFileReference; fileEncoding = 30; lastKnownFileType = sourcecode.c.h; path = SioController.h; sourceTree = SOURCE_ROOT; };
		2DE934CC08F3728000027E7F /* SioController.m */ = {isa = PBXFileReference; fileEncoding = 30; lastKnownFileType = sourcecode.c.objc; path = SioController.m; sourceTree = SOURCE_ROOT; };
		2DE934ED08F372F600027E7F /* Fuji.icns */ = {isa = PBXFileReference; lastKnownFileType = image.icns; path = Fuji.icns; sourceTree = SOURCE_ROOT; };
		2DE9350908F3731300027E7F /* IOKit.framework */ = {isa = PBXFileReference; lastKnownFileType = wrapper.framework; name = IOKit.framework; path = /System/Library/Frameworks/IOKit.framework; sourceTree = "<absolute>"; };
		2DEB621008F7484700B82E6E /* FujiCable.icns */ = {isa = PBXFileReference; lastKnownFileType = image.icns; path = FujiCable.icns; sourceTree = SOURCE_ROOT; };
		2DF9665F091C5536002D9829 /* ACGBigNum.h */ = {isa = PBXFileReference; fileEncoding = 30; lastKnownFileType = sourcecode.c.h; path = ACGBigNum.h; sourceTree = SOURCE_ROOT; };
		2DF96660091C5536002D9829 /* ACGBigNum.m */ = {isa = PBXFileReference; fileEncoding = 30; lastKnownFileType = sourcecode.c.objc; path = ACGBigNum.m; sourceTree = SOURCE_ROOT; };
		32CA4F630368D1EE00C91783 /* Sio2OSX_Prefix.pch */ = {isa = PBXFileReference; fileEncoding = 4; lastKnownFileType = sourcecode.c.h; path = Sio2OSX_Prefix.pch; sourceTree = "<group>"; };
		8D1107310486CEB800E47090 /* Info.plist */ = {isa = PBXFileReference; fileEncoding = 4; lastKnownFileType = text.plist; path = Info.plist; sourceTree = "<group>"; };
		8D1107320486CEB800E47090 /* Sio2OSX.app */ = {isa = PBXFileReference; explicitFileType = wrapper.application; includeInIndex = 0; path = Sio2OSX.app; sourceTree = BUILT_PRODUCTS_DIR; };
/* End PBXFileReference section */

/* Begin PBXFrameworksBuildPhase section */
		8D11072E0486CEB800E47090 /* Frameworks */ = {
			isa = PBXFrameworksBuildPhase;
			buildActionMask = 2147483647;
			files = (
				8D11072F0486CEB800E47090 /* Cocoa.framework in Frameworks */,
				2DE9350A08F3731300027E7F /* IOKit.framework in Frameworks */,
			);
			runOnlyForDeploymentPostprocessing = 0;
		};
/* End PBXFrameworksBuildPhase section */

/* Begin PBXGroup section */
		080E96DDFE201D6D7F000001 /* Classes */ = {
			isa = PBXGroup;
			children = (
				2D5B2AB808F4C3DA00D1625E /* AboutBox.h */,
				2D5B2AB908F4C3DA00D1625E /* AboutBox.m */,
				2DF9665F091C5536002D9829 /* ACGBigNum.h */,
				2DF96660091C5536002D9829 /* ACGBigNum.m */,
				2DE934AB08F3728000027E7F /* Atari800DriveTextField.h */,
				2DE934AC08F3728000027E7F /* Atari800DriveTextField.m */,
				2DE934AD08F3728000027E7F /* Atari800ImageView.h */,
				2DE934AE08F3728000027E7F /* Atari800ImageView.m */,
				2DE934AF08F3728000027E7F /* Atari800MediaWindow.h */,
				2DE934B008F3728000027E7F /* Atari800MediaWindow.m */,
				2DE934B108F3728000027E7F /* Atari825Simulator.h */,
				2DE934B208F3728000027E7F /* Atari825Simulator.m */,
				2DE934B308F3728000027E7F /* Atari1020Simulator.h */,
				2DE934B408F3728000027E7F /* Atari1020Simulator.m */,
				2DD755A809131C56002466D0 /* CassInfoUpdate.h */,
				2DD755A909131C56002466D0 /* CassInfoUpdate.m */,
				2DD755B809131D4E002466D0 /* CassStatusUpdate.h */,
				2DD755B909131D4E002466D0 /* CassStatusUpdate.m */,
				2DE934B508F3728000027E7F /* EpsonFX80Simulator.h */,
				2DE934B608F3728000027E7F /* EpsonFX80Simulator.m */,
				2DDA45FC0912749400167297 /* LedUpdate.h */,
				2DDA45FD0912749400167297 /* LedUpdate.m */,
				2DE934B708F3728000027E7F /* MediaManager.h */,
				2DE934B808F3728000027E7F /* MediaManager.m */,
				2DE934B908F3728000027E7F /* Preferences.h */,
				2DE934BA08F3728000027E7F /* Preferences.m */,
				2DE934BB08F3728000027E7F /* PrintableGraphics.h */,
				2DE934BC08F3728000027E7F /* PrintableGraphics.m */,
				2DE934BD08F3728000027E7F /* PrintablePath.h */,
				2DE934BE08F3728000027E7F /* PrintablePath.m */,
				2DE934BF08F3728000027E7F /* PrintableString.h */,
				2DE934C008F3728000027E7F /* PrintableString.m */,
				2DE934C108F3728000027E7F /* PrinterProtocol.h */,
				2DE934C208F3728000027E7F /* PrinterSimulator.h */,
				2DE934C308F3728000027E7F /* PrinterSimulator.m */,
				2DE934C408F3728000027E7F /* PrinterView.h */,
				2DE934C508F3728000027E7F /* PrinterView.m */,
				2DE934C608F3728000027E7F /* PrintOutputController.h */,
				2DE934C708F3728000027E7F /* PrintOutputController.m */,
				2DE934C808F3728000027E7F /* PrintProtocol.h */,
				2DE934C908F3728000027E7F /* SioMain.h */,
				2DE934CA08F3728000027E7F /* SioMain.m */,
				2DE934CB08F3728000027E7F /* SioController.h */,
				2DE934CC08F3728000027E7F /* SioController.m */,
			);
			name = Classes;
			sourceTree = "<group>";
		};
		1058C7A0FEA54F0111CA2CBB /* Linked Frameworks */ = {
			isa = PBXGroup;
			children = (
				1058C7A1FEA54F0111CA2CBB /* Cocoa.framework */,
			);
			name = "Linked Frameworks";
			sourceTree = "<group>";
		};
		1058C7A2FEA54F0111CA2CBB /* Other Frameworks */ = {
			isa = PBXGroup;
			children = (
				2DE9350908F3731300027E7F /* IOKit.framework */,
				29B97324FDCFA39411CA2CEA /* AppKit.framework */,
				13E42FB307B3F0F600E4EEF1 /* CoreData.framework */,
				29B97325FDCFA39411CA2CEA /* Foundation.framework */,
			);
			name = "Other Frameworks";
			sourceTree = "<group>";
		};
		19C28FACFE9D520D11CA2CBB /* Products */ = {
			isa = PBXGroup;
			children = (
				8D1107320486CEB800E47090 /* Sio2OSX.app */,
			);
			name = Products;
			sourceTree = "<group>";
		};
		29B97314FDCFA39411CA2CEA /* Sio2OSX */ = {
			isa = PBXGroup;
			children = (
				2DE6BF4009C3E63A005748C2 /* Sio2OSX.xcconfig */,
				080E96DDFE201D6D7F000001 /* Classes */,
				29B97315FDCFA39411CA2CEA /* Other Sources */,
				29B97317FDCFA39411CA2CEA /* Resources */,
				29B97323FDCFA39411CA2CEA /* Frameworks */,
				19C28FACFE9D520D11CA2CBB /* Products */,
			);
			name = Sio2OSX;
			sourceTree = "<group>";
		};
		29B97315FDCFA39411CA2CEA /* Other Sources */ = {
			isa = PBXGroup;
			children = (
				32CA4F630368D1EE00C91783 /* Sio2OSX_Prefix.pch */,
			);
			name = "Other Sources";
			sourceTree = "<group>";
		};
		29B97317FDCFA39411CA2CEA /* Resources */ = {
			isa = PBXGroup;
			children = (
				2D5D56B1247C5D0600F6FEEF /* 850off.png */,
				2D5D56B2247C5D0600F6FEEF /* 850on.png */,
				2D5D569B247C586A00F6FEEF /* atari810closed.png */,
				2D5D569C247C586A00F6FEEF /* atari810emtpy.png */,
				2D5D569D247C586A00F6FEEF /* atari810off.png */,
				2D5D569E247C586A00F6FEEF /* atari810read.png */,
				2D5D569F247C586A00F6FEEF /* atari810write.png */,
				2D5D56A5247C598D00F6FEEF /* atari825.png */,
				2D5D56A6247C598D00F6FEEF /* atari1020.png */,
				2D5D56B9247C9A0D00F6FEEF /* cassetteoff.png */,
				2D5D56AA247C59EB00F6FEEF /* diskette.png */,
				2D5D56A9247C59EB00F6FEEF /* epson.png */,
				2D2720DB0901A7A900DB4B91 /* FastForwardOff.png */,
				2D2720DC0901A7A900DB4B91 /* FastForwardOn.png */,
				2DE934ED08F372F600027E7F /* Fuji.icns */,
				2DEB621008F7484700B82E6E /* FujiCable.icns */,
				2D5D56B5247C783700F6FEEF /* lock.png */,
				2D2720DD0901A7A900DB4B91 /* PlayOff.png */,
				2D2720DE0901A7A900DB4B91 /* PlayOn.png */,
				2D2720DF0901A7A900DB4B91 /* RewindOff.png */,
				2D2720E00901A7A900DB4B91 /* RewindOn.png */,
				2D6DCEEE08FCCDFC00FDD389 /* Sio2OSX.icns */,
				2D5D56AD247C5A4100F6FEEF /* text_dark.png */,
				2D5D56AE247C5A4200F6FEEF /* text.png */,
				2D2720E10901A7A900DB4B91 /* ToStartOff.png */,
				2D2720E20901A7A900DB4B91 /* ToStartOn.png */,
				2D5D5692247C4C9800F6FEEF /* AboutBox.xib */,
				2D5D5693247C4C9800F6FEEF /* MediaManager.xib */,
				2D5D5694247C4C9800F6FEEF /* Preferences.xib */,
				2DB776B7247C330700646F3F /* PrintOutput.xib */,
				2DB776B6247C330700646F3F /* PrintOutputConfirm.xib */,
				2D5D5698247C4CC200F6FEEF /* SioMain.xib */,
				2D5B2ABC08F4C3F100D1625E /* Credits.html */,
				2D5D56B7247C7B9D00F6FEEF /* Media.xcassets */,
				8D1107310486CEB800E47090 /* Info.plist */,
				2D24994E091560A200FEDFD8 /* Sio2OSX Help */,
				089C165CFE840E0CC02AAC07 /* InfoPlist.strings */,
			);
			name = Resources;
			sourceTree = "<group>";
		};
		29B97323FDCFA39411CA2CEA /* Frameworks */ = {
			isa = PBXGroup;
			children = (
				1058C7A0FEA54F0111CA2CBB /* Linked Frameworks */,
				1058C7A2FEA54F0111CA2CBB /* Other Frameworks */,
			);
			name = Frameworks;
			sourceTree = "<group>";
		};
/* End PBXGroup section */

/* Begin PBXNativeTarget section */
		8D1107260486CEB800E47090 /* Sio2OSX */ = {
			isa = PBXNativeTarget;
			buildConfigurationList = 2DF5317709C3CB2E002DB24A /* Build configuration list for PBXNativeTarget "Sio2OSX" */;
			buildPhases = (
				8D1107290486CEB800E47090 /* Resources */,
				8D11072C0486CEB800E47090 /* Sources */,
				8D11072E0486CEB800E47090 /* Frameworks */,
				2D6471B30914753B003A6216 /* CopyFiles */,
			);
			buildRules = (
				2DE4B4650920461700F34FFB /* PBXBuildRule */,
			);
			dependencies = (
			);
			name = Sio2OSX;
			productInstallPath = "$(HOME)/Applications";
			productName = Sio2OSX;
			productReference = 8D1107320486CEB800E47090 /* Sio2OSX.app */;
			productType = "com.apple.product-type.application";
		};
/* End PBXNativeTarget section */

/* Begin PBXProject section */
		29B97313FDCFA39411CA2CEA /* Project object */ = {
			isa = PBXProject;
			attributes = {
				LastUpgradeCheck = 1150;
			};
			buildConfigurationList = 2DF5317B09C3CB2E002DB24A /* Build configuration list for PBXProject "Sio2OSX" */;
			compatibilityVersion = "Xcode 2.4";
			developmentRegion = en;
			hasScannedForEncodings = 1;
			knownRegions = (
				en,
				de,
				ja,
				fr,
				Base,
			);
			mainGroup = 29B97314FDCFA39411CA2CEA /* Sio2OSX */;
			projectDirPath = "";
			projectRoot = "";
			targets = (
				8D1107260486CEB800E47090 /* Sio2OSX */,
			);
		};
/* End PBXProject section */

/* Begin PBXResourcesBuildPhase section */
		8D1107290486CEB800E47090 /* Resources */ = {
			isa = PBXResourcesBuildPhase;
			buildActionMask = 2147483647;
			files = (
				8D11072B0486CEB800E47090 /* InfoPlist.strings in Resources */,
				2D5D56BA247C9A0D00F6FEEF /* cassetteoff.png in Resources */,
				2DB776B9247C330700646F3F /* PrintOutput.xib in Resources */,
				2D5D56B6247C783700F6FEEF /* lock.png in Resources */,
				2D5D56AF247C5A4200F6FEEF /* text_dark.png in Resources */,
				2DE934FF08F372F600027E7F /* Fuji.icns in Resources */,
				2D5D56A8247C598D00F6FEEF /* atari1020.png in Resources */,
				2D5D56A1247C586B00F6FEEF /* atari810emtpy.png in Resources */,
				2D5D56A0247C586B00F6FEEF /* atari810closed.png in Resources */,
				2D5B2ABE08F4C3F100D1625E /* Credits.html in Resources */,
				2DB776B8247C330700646F3F /* PrintOutputConfirm.xib in Resources */,
				2D5D56B0247C5A4200F6FEEF /* text.png in Resources */,
				2D5D56A4247C586B00F6FEEF /* atari810write.png in Resources */,
				2DEB621108F7484700B82E6E /* FujiCable.icns in Resources */,
				2D5D56B4247C5D0600F6FEEF /* 850on.png in Resources */,
				2D6DCEEF08FCCDFC00FDD389 /* Sio2OSX.icns in Resources */,
				2D2720E30901A7A900DB4B91 /* FastForwardOff.png in Resources */,
				2D2720E40901A7A900DB4B91 /* FastForwardOn.png in Resources */,
				2D5D5695247C4C9800F6FEEF /* AboutBox.xib in Resources */,
				2D2720E50901A7A900DB4B91 /* PlayOff.png in Resources */,
				2D5D56B3247C5D0600F6FEEF /* 850off.png in Resources */,
				2D2720E60901A7A900DB4B91 /* PlayOn.png in Resources */,
				2D2720E70901A7A900DB4B91 /* RewindOff.png in Resources */,
				2D5D56A2247C586B00F6FEEF /* atari810off.png in Resources */,
				2D5D569A247C4CC200F6FEEF /* SioMain.xib in Resources */,
				2D2720E80901A7A900DB4B91 /* RewindOn.png in Resources */,
				2D5D56AB247C59EB00F6FEEF /* epson.png in Resources */,
				2D2720E90901A7A900DB4B91 /* ToStartOff.png in Resources */,
				2D2720EA0901A7A900DB4B91 /* ToStartOn.png in Resources */,
				2D5D56A3247C586B00F6FEEF /* atari810read.png in Resources */,
				2D24996D091560A200FEDFD8 /* Sio2OSX Help in Resources */,
				2D5D56B8247C7B9E00F6FEEF /* Media.xcassets in Resources */,
				2D5D56A7247C598D00F6FEEF /* atari825.png in Resources */,
				2D5D5696247C4C9800F6FEEF /* MediaManager.xib in Resources */,
				2D5D5697247C4C9800F6FEEF /* Preferences.xib in Resources */,
				2D5D56AC247C59EB00F6FEEF /* diskette.png in Resources */,
			);
			runOnlyForDeploymentPostprocessing = 0;
		};
/* End PBXResourcesBuildPhase section */

/* Begin PBXSourcesBuildPhase section */
		8D11072C0486CEB800E47090 /* Sources */ = {
			isa = PBXSourcesBuildPhase;
			buildActionMask = 2147483647;
			files = (
				2DE934CD08F3728000027E7F /* Atari800DriveTextField.m in Sources */,
				2DE934CE08F3728000027E7F /* Atari800ImageView.m in Sources */,
				2DE934CF08F3728000027E7F /* Atari800MediaWindow.m in Sources */,
				2DE934D008F3728000027E7F /* Atari825Simulator.m in Sources */,
				2DE934D108F3728000027E7F /* Atari1020Simulator.m in Sources */,
				2DE934D208F3728000027E7F /* EpsonFX80Simulator.m in Sources */,
				2DE934D308F3728000027E7F /* MediaManager.m in Sources */,
				2DE934D408F3728000027E7F /* Preferences.m in Sources */,
				2DE934D508F3728000027E7F /* PrintableGraphics.m in Sources */,
				2DE934D608F3728000027E7F /* PrintablePath.m in Sources */,
				2DE934D708F3728000027E7F /* PrintableString.m in Sources */,
				2DE934D808F3728000027E7F /* PrinterSimulator.m in Sources */,
				2DE934D908F3728000027E7F /* PrinterView.m in Sources */,
				2DE934DA08F3728000027E7F /* PrintOutputController.m in Sources */,
				2DE934DB08F3728000027E7F /* SioMain.m in Sources */,
				2DE934DC08F3728000027E7F /* SioController.m in Sources */,
				2D5B2ABA08F4C3DA00D1625E /* AboutBox.m in Sources */,
				2DDA45FE0912749400167297 /* LedUpdate.m in Sources */,
				2DD755AA09131C56002466D0 /* CassInfoUpdate.m in Sources */,
				2DD755BA09131D4E002466D0 /* CassStatusUpdate.m in Sources */,
				2DF96662091C5536002D9829 /* ACGBigNum.m in Sources */,
			);
			runOnlyForDeploymentPostprocessing = 0;
		};
/* End PBXSourcesBuildPhase section */

/* Begin PBXVariantGroup section */
		089C165CFE840E0CC02AAC07 /* InfoPlist.strings */ = {
			isa = PBXVariantGroup;
			children = (
				2DB776B3247B720400646F3F /* en */,
			);
			name = InfoPlist.strings;
			sourceTree = "<group>";
		};
		2D5D5698247C4CC200F6FEEF /* SioMain.xib */ = {
			isa = PBXVariantGroup;
			children = (
				2D5D5699247C4CC200F6FEEF /* Base */,
			);
			name = SioMain.xib;
			sourceTree = "<group>";
		};
/* End PBXVariantGroup section */

/* Begin XCBuildConfiguration section */
		2DF5317809C3CB2E002DB24A /* Development */ = {
			isa = XCBuildConfiguration;
			baseConfigurationReference = 2DE6BF4009C3E63A005748C2 /* Sio2OSX.xcconfig */;
			buildSettings = {
				CLANG_ENABLE_OBJC_WEAK = YES;
				CODE_SIGN_IDENTITY = "";
				COPY_PHASE_STRIP = NO;
				DEPLOYMENT_LOCATION = NO;
				FRAMEWORK_SEARCH_PATHS = /Users/markg/Sio2OSX/Sio2OSX;
				GCC_DYNAMIC_NO_PIC = NO;
				GCC_GENERATE_DEBUGGING_SYMBOLS = YES;
				GCC_OPTIMIZATION_LEVEL = 0;
				GCC_PRECOMPILE_PREFIX_HEADER = YES;
				GCC_PREFIX_HEADER = Sio2OSX_Prefix.pch;
				GCC_WARN_ABOUT_RETURN_TYPE = YES;
				GCC_WARN_UNUSED_VARIABLE = YES;
				INFOPLIST_FILE = Info.plist;
				INSTALL_PATH = "$(HOME)/Applications";
				MACOSX_DEPLOYMENT_TARGET = "";
				PRODUCT_BUNDLE_IDENTIFIER = com.atarimac.sio2osx;
				PRODUCT_NAME = Sio2OSX;
				WRAPPER_EXTENSION = app;
				ZERO_LINK = YES;
			};
			name = Development;
		};
		2DF5317909C3CB2E002DB24A /* Deployment */ = {
			isa = XCBuildConfiguration;
			baseConfigurationReference = 2DE6BF4009C3E63A005748C2 /* Sio2OSX.xcconfig */;
			buildSettings = {
				CLANG_ENABLE_OBJC_WEAK = YES;
				CODE_SIGN_IDENTITY = "";
				COPY_PHASE_STRIP = YES;
				DEPLOYMENT_LOCATION = NO;
				FRAMEWORK_SEARCH_PATHS = /Users/markg/Sio2OSX/Sio2OSX;
				GCC_GENERATE_DEBUGGING_SYMBOLS = NO;
				GCC_PRECOMPILE_PREFIX_HEADER = YES;
				GCC_PREFIX_HEADER = Sio2OSX_Prefix.pch;
				GCC_WARN_ABOUT_RETURN_TYPE = YES;
				GCC_WARN_UNUSED_VARIABLE = YES;
				INFOPLIST_FILE = Info.plist;
				INSTALL_PATH = "$(HOME)/Applications";
				MACOSX_DEPLOYMENT_TARGET = "";
				PRODUCT_BUNDLE_IDENTIFIER = com.atarimac.sio2osx;
				PRODUCT_NAME = Sio2OSX;
				WRAPPER_EXTENSION = app;
				ZERO_LINK = NO;
			};
			name = Deployment;
		};
		2DF5317A09C3CB2E002DB24A /* Default */ = {
			isa = XCBuildConfiguration;
			baseConfigurationReference = 2DE6BF4009C3E63A005748C2 /* Sio2OSX.xcconfig */;
			buildSettings = {
				CLANG_ENABLE_OBJC_WEAK = YES;
				CODE_SIGN_IDENTITY = "";
				DEPLOYMENT_LOCATION = NO;
				FRAMEWORK_SEARCH_PATHS = /Users/markg/Sio2OSX/Sio2OSX;
				GCC_GENERATE_DEBUGGING_SYMBOLS = NO;
				GCC_PRECOMPILE_PREFIX_HEADER = YES;
				GCC_PREFIX_HEADER = Sio2OSX_Prefix.pch;
				GCC_WARN_ABOUT_RETURN_TYPE = YES;
				GCC_WARN_UNUSED_VARIABLE = YES;
				INFOPLIST_FILE = Info.plist;
				INSTALL_PATH = "$(HOME)/Applications";
				MACOSX_DEPLOYMENT_TARGET = "";
				PRODUCT_BUNDLE_IDENTIFIER = com.atarimac.sio2osx;
				PRODUCT_NAME = Sio2OSX;
				WRAPPER_EXTENSION = app;
			};
			name = Default;
		};
		2DF5317C09C3CB2E002DB24A /* Development */ = {
			isa = XCBuildConfiguration;
			buildSettings = {
				CLANG_ANALYZER_LOCALIZABILITY_NONLOCALIZED = YES;
				CLANG_WARN_BLOCK_CAPTURE_AUTORELEASING = YES;
				CLANG_WARN_BOOL_CONVERSION = YES;
				CLANG_WARN_COMMA = YES;
				CLANG_WARN_CONSTANT_CONVERSION = YES;
				CLANG_WARN_DEPRECATED_OBJC_IMPLEMENTATIONS = YES;
				CLANG_WARN_EMPTY_BODY = YES;
				CLANG_WARN_ENUM_CONVERSION = YES;
				CLANG_WARN_INFINITE_RECURSION = YES;
				CLANG_WARN_INT_CONVERSION = YES;
				CLANG_WARN_NON_LITERAL_NULL_CONVERSION = YES;
				CLANG_WARN_OBJC_IMPLICIT_RETAIN_SELF = YES;
				CLANG_WARN_OBJC_LITERAL_CONVERSION = YES;
				CLANG_WARN_RANGE_LOOP_ANALYSIS = YES;
				CLANG_WARN_STRICT_PROTOTYPES = YES;
				CLANG_WARN_SUSPICIOUS_MOVE = YES;
				CLANG_WARN_UNREACHABLE_CODE = YES;
				CLANG_WARN__DUPLICATE_METHOD_MATCH = YES;
				ENABLE_STRICT_OBJC_MSGSEND = YES;
				ENABLE_TESTABILITY = YES;
				GCC_NO_COMMON_BLOCKS = YES;
				GCC_WARN_64_TO_32_BIT_CONVERSION = YES;
				GCC_WARN_ABOUT_RETURN_TYPE = YES;
				GCC_WARN_UNDECLARED_SELECTOR = YES;
				GCC_WARN_UNINITIALIZED_AUTOS = YES;
				GCC_WARN_UNUSED_FUNCTION = YES;
				GCC_WARN_UNUSED_VARIABLE = YES;
				MACOSX_DEPLOYMENT_TARGET = 10.12;
				ONLY_ACTIVE_ARCH = YES;
				SDKROOT = macosx;
			};
			name = Development;
		};
		2DF5317D09C3CB2E002DB24A /* Deployment */ = {
			isa = XCBuildConfiguration;
			buildSettings = {
				CLANG_ANALYZER_LOCALIZABILITY_NONLOCALIZED = YES;
				CLANG_WARN_BLOCK_CAPTURE_AUTORELEASING = YES;
				CLANG_WARN_BOOL_CONVERSION = YES;
				CLANG_WARN_COMMA = YES;
				CLANG_WARN_CONSTANT_CONVERSION = YES;
				CLANG_WARN_DEPRECATED_OBJC_IMPLEMENTATIONS = YES;
				CLANG_WARN_EMPTY_BODY = YES;
				CLANG_WARN_ENUM_CONVERSION = YES;
				CLANG_WARN_INFINITE_RECURSION = YES;
				CLANG_WARN_INT_CONVERSION = YES;
				CLANG_WARN_NON_LITERAL_NULL_CONVERSION = YES;
				CLANG_WARN_OBJC_IMPLICIT_RETAIN_SELF = YES;
				CLANG_WARN_OBJC_LITERAL_CONVERSION = YES;
				CLANG_WARN_RANGE_LOOP_ANALYSIS = YES;
				CLANG_WARN_STRICT_PROTOTYPES = YES;
				CLANG_WARN_SUSPICIOUS_MOVE = YES;
				CLANG_WARN_UNREACHABLE_CODE = YES;
				CLANG_WARN__DUPLICATE_METHOD_MATCH = YES;
				ENABLE_STRICT_OBJC_MSGSEND = YES;
				GCC_NO_COMMON_BLOCKS = YES;
				GCC_WARN_64_TO_32_BIT_CONVERSION = YES;
				GCC_WARN_ABOUT_RETURN_TYPE = YES;
				GCC_WARN_UNDECLARED_SELECTOR = YES;
				GCC_WARN_UNINITIALIZED_AUTOS = YES;
				GCC_WARN_UNUSED_FUNCTION = YES;
				GCC_WARN_UNUSED_VARIABLE = YES;
				MACOSX_DEPLOYMENT_TARGET = 10.12;
				SDKROOT = macosx;
			};
			name = Deployment;
		};
		2DF5317E09C3CB2E002DB24A /* Default */ = {
			isa = XCBuildConfiguration;
			buildSettings = {
				CLANG_ANALYZER_LOCALIZABILITY_NONLOCALIZED = YES;
				CLANG_WARN_BLOCK_CAPTURE_AUTORELEASING = YES;
				CLANG_WARN_BOOL_CONVERSION = YES;
				CLANG_WARN_COMMA = YES;
				CLANG_WARN_CONSTANT_CONVERSION = YES;
				CLANG_WARN_DEPRECATED_OBJC_IMPLEMENTATIONS = YES;
				CLANG_WARN_EMPTY_BODY = YES;
				CLANG_WARN_ENUM_CONVERSION = YES;
				CLANG_WARN_INFINITE_RECURSION = YES;
				CLANG_WARN_INT_CONVERSION = YES;
				CLANG_WARN_NON_LITERAL_NULL_CONVERSION = YES;
				CLANG_WARN_OBJC_IMPLICIT_RETAIN_SELF = YES;
				CLANG_WARN_OBJC_LITERAL_CONVERSION = YES;
				CLANG_WARN_RANGE_LOOP_ANALYSIS = YES;
				CLANG_WARN_STRICT_PROTOTYPES = YES;
				CLANG_WARN_SUSPICIOUS_MOVE = YES;
				CLANG_WARN_UNREACHABLE_CODE = YES;
				CLANG_WARN__DUPLICATE_METHOD_MATCH = YES;
				ENABLE_STRICT_OBJC_MSGSEND = YES;
				GCC_NO_COMMON_BLOCKS = YES;
				GCC_WARN_64_TO_32_BIT_CONVERSION = YES;
				GCC_WARN_ABOUT_RETURN_TYPE = YES;
				GCC_WARN_UNDECLARED_SELECTOR = YES;
				GCC_WARN_UNINITIALIZED_AUTOS = YES;
				GCC_WARN_UNUSED_FUNCTION = YES;
				GCC_WARN_UNUSED_VARIABLE = YES;
				MACOSX_DEPLOYMENT_TARGET = 10.12;
				SDKROOT = macosx;
			};
			name = Default;
		};
/* End XCBuildConfiguration section */

/* Begin XCConfigurationList section */
		2DF5317709C3CB2E002DB24A /* Build configuration list for PBXNativeTarget "Sio2OSX" */ = {
			isa = XCConfigurationList;
			buildConfigurations = (
				2DF5317809C3CB2E002DB24A /* Development */,
				2DF5317909C3CB2E002DB24A /* Deployment */,
				2DF5317A09C3CB2E002DB24A /* Default */,
			);
			defaultConfigurationIsVisible = 0;
			defaultConfigurationName = Default;
		};
		2DF5317B09C3CB2E002DB24A /* Build configuration list for PBXProject "Sio2OSX" */ = {
			isa = XCConfigurationList;
			buildConfigurations = (
				2DF5317C09C3CB2E002DB24A /* Development */,
				2DF5317D09C3CB2E002DB24A /* Deployment */,
				2DF5317E09C3CB2E002DB24A /* Default */,
			);
			defaultConfigurationIsVisible = 0;
			defaultConfigurationName = Default;
		};
/* End XCConfigurationList section */
	};
	rootObject = 29B97313FDCFA39411CA2CEA /* Project object */;
}
